<?xml version="1.0" encoding="utf-8"?>
<Project ToolsVersion="4.0" xmlns="http://schemas.microsoft.com/developer/msbuild/2003">
  <ItemGroup>
    <Filter Include="Source Files">
      <UniqueIdentifier>{4FC737F1-C7A5-4376-A066-2A32D752A2FF}</UniqueIdentifier>
      <Extensions>cpp;c;cc;cxx;c++;cppm;ixx;def;odl;idl;hpj;bat;asm;asmx</Extensions>
    </Filter>
    <Filter Include="Header Files">
      <UniqueIdentifier>{93995380-89BD-4b04-88EB-625FBE52EBFB}</UniqueIdentifier>
      <Extensions>h;hh;hpp;hxx;h++;hm;inl;inc;ipp;xsd</Extensions>
    </Filter>
    <Filter Include="Resource Files">
      <UniqueIdentifier>{67DA6AB6-F800-4c08-8B7A-83BB121AAD01}</UniqueIdentifier>
      <Extensions>rc;ico;cur;bmp;dlg;rc2;rct;bin;rgs;gif;jpg;jpeg;jpe;resx;tiff;tif;png;wav;mfcribbon-ms</Extensions>
    </Filter>
  </ItemGroup>
  <ItemGroup>
    <ClInclude Include="..\..\..\..\wetransfer_poo_lab_6_2023-03-27_1312\POO_LAB_6\Car.h">
      <Filter>Header Files</Filter>
    </ClInclude>
    <ClInclude Include="..\..\..\..\wetransfer_poo_lab_6_2023-03-27_1312\POO_LAB_6\Circuit.h">
      <Filter>Header Files</Filter>
    </ClInclude>
    <ClInclude Include="..\..\..\..\wetransfer_poo_lab_6_2023-03-27_1312\POO_LAB_6\Dacia.h">
      <Filter>Header Files</Filter>
    </ClInclude>
    <ClInclude Include="..\..\..\..\wetransfer_poo_lab_6_2023-03-27_1312\POO_LAB_6\Ford.h">
      <Filter>Header Files</Filter>
    </ClInclude>
    <ClInclude Include="..\..\..\..\wetransfer_poo_lab_6_2023-03-27_1312\POO_LAB_6\Mazda.h">
      <Filter>Header Files</Filter>
    </ClInclude>
    <ClInclude Include="..\..\..\..\wetransfer_poo_lab_6_2023-03-27_1312\POO_LAB_6\Mercedes.h">
      <Filter>Header Files</Filter>
    </ClInclude>
    <ClInclude Include="..\..\..\..\wetransfer_poo_lab_6_2023-03-27_1312\POO_LAB_6\Toyota.h">
      <Filter>Header Files</Filter>
    </ClInclude>
    <ClInclude Include="..\..\..\..\wetransfer_poo_lab_6_2023-03-27_1312\POO_LAB_6\Weather.h">
      <Filter>Header Files</Filter>
    </ClInclude>
  </ItemGroup>
  <ItemGroup>
    <ClCompile Include="..\..\..\..\wetransfer_poo_lab_6_2023-03-27_1312\POO_LAB_6\Circuit.cpp">
      <Filter>Source Files</Filter>
    </ClCompile>
    <ClCompile Include="..\..\..\..\wetransfer_poo_lab_6_2023-03-27_1312\POO_LAB_6\Dacia.cpp">
      <Filter>Source Files</Filter>
    </ClCompile>
    <ClCompile Include="..\..\..\..\wetransfer_poo_lab_6_2023-03-27_1312\POO_LAB_6\Ford.cpp">
      <Filter>Source Files</Filter>
    </ClCompile>
    <ClCompile Include="..\..\..\..\wetransfer_poo_lab_6_2023-03-27_1312\POO_LAB_6\main.cpp">
      <Filter>Source Files</Filter>
    </ClCompile>
    <ClCompile Include="..\..\..\..\wetransfer_poo_lab_6_2023-03-27_1312\POO_LAB_6\Mazda.cpp">
      <Filter>Source Files</Filter>
    </ClCompile>
    <ClCompile Include="..\..\..\..\wetransfer_poo_lab_6_2023-03-27_1312\POO_LAB_6\Mercedes.cpp">
      <Filter>Source Files</Filter>
    </ClCompile>
    <ClCompile Include="..\..\..\..\wetransfer_poo_lab_6_2023-03-27_1312\POO_LAB_6\Toyota.cpp">
      <Filter>Source Files</Filter>
    </ClCompile>
  </ItemGroup>
  <ItemGroup>
    <None Include="..\..\..\..\wetransfer_poo_lab_6_2023-03-27_1312\POO_LAB_6\POO_LAB_6.sln" />
    <None Include="..\..\..\..\wetransfer_poo_lab_6_2023-03-27_1312\POO_LAB_6\POO_LAB_6.vcxproj" />
    <None Include="..\..\..\..\wetransfer_poo_lab_6_2023-03-27_1312\POO_LAB_6\POO_LAB_6.vcxproj.filters" />
    <None Include="..\..\..\..\wetransfer_poo_lab_6_2023-03-27_1312\POO_LAB_6\POO_LAB_6.vcxproj.user" />
  </ItemGroup>
</Project>